
Microsoft Visual Studio Solution File, Format Version 12.00
# Visual Studio Version 16
VisualStudioVersion = 16.0.30406.217
MinimumVisualStudioVersion = 10.0.40219.1
Project("{FAE04EC0-301F-11D3-BF4B-00C04F79EFBC}") = "DbTest", "DbTest.csproj", "{4094772A-6EA9-4FC8-B443-7C14E59825BC}"
EndProject
Global
	GlobalSection(SolutionConfigurationPlatforms) = preSolution
		Debug|Any CPU = Debug|Any CPU
		Release|Any CPU = Release|Any CPU
	EndGlobalSection
	GlobalSection(ProjectConfigurationPlatforms) = postSolution
		{4094772A-6EA9-4FC8-B443-7C14E59825BC}.Debug|Any CPU.ActiveCfg = Debug|Any CPU
		{4094772A-6EA9-4FC8-B443-7C14E59825BC}.Debug|Any CPU.Build.0 = Debug|Any CPU
		{4094772A-6EA9-4FC8-B443-7C14E59825BC}.Release|Any CPU.ActiveCfg = Release|Any CPU
		{4094772A-6EA9-4FC8-B443-7C14E59825BC}.Release|Any CPU.Build.0 = Release|Any CPU
	EndGlobalSection
	GlobalSection(SolutionProperties) = preSolution
		HideSolutionNode = FALSE
	EndGlobalSection
	GlobalSection(ExtensibilityGlobals) = postSolution
		SolutionGuid = {257EEACB-693A-4948-89C8-26CE595587F3}
	EndGlobalSection
EndGlobal
